Microsoft Visual Studio Solution File, Format Version 12.00
# Visual Studio Version 17
VisualStudioVersion = 17.5.2.0
MinimumVisualStudioVersion = 10.0.40219.1
Project("{FAE04EC0-301F-11D3-BF4B-00C04F79EFBC}") = "EJERCICIOSPRACTICOS", "EJERCICIOSPRACTICOS\EJERCICIOSPRACTICOS.csproj", "{B2B31A5D-6CB2-1656-72F3-F1273904FE0B}"
EndProject
Global
	GlobalSection(SolutionConfigurationPlatforms) = preSolution
		Debug|Any CPU = Debug|Any CPU
		Release|Any CPU = Release|Any CPU
	EndGlobalSection
	GlobalSection(ProjectConfigurationPlatforms) = postSolution
		{B2B31A5D-6CB2-1656-72F3-F1273904FE0B}.Debug|Any CPU.ActiveCfg = Debug|Any CPU
		{B2B31A5D-6CB2-1656-72F3-F1273904FE0B}.Debug|Any CPU.Build.0 = Debug|Any CPU
		{B2B31A5D-6CB2-1656-72F3-F1273904FE0B}.Release|Any CPU.ActiveCfg = Release|Any CPU
		{B2B31A5D-6CB2-1656-72F3-F1273904FE0B}.Release|Any CPU.Build.0 = Release|Any CPU
	EndGlobalSection
	GlobalSection(SolutionProperties) = preSolution
		HideSolutionNode = FALSE
	EndGlobalSection
	GlobalSection(ExtensibilityGlobals) = postSolution
		SolutionGuid = {6F4F5DF3-B4ED-4E8C-9A86-C5B2E7CF3586}
	EndGlobalSection
EndGlobal
